
Microsoft Visual Studio Solution File, Format Version 12.00
# Visual Studio 2015
Project("{FAE04EC0-301F-11D3-BF4B-00C04F79EFBC}") = "Procedural-Tactics.CSharp", "Procedural-Tactics.CSharp.csproj", "{6B3D977A-42AE-33B6-5830-29E4A381DCF4}"
EndProject
Project("{FAE04EC0-301F-11D3-BF4B-00C04F79EFBC}") = "Procedural-Tactics.CSharp.Plugins", "Procedural-Tactics.CSharp.Plugins.csproj", "{A3014BEA-24B7-9140-D6A2-7FA4635FCE3A}"
EndProject
Project("{FAE04EC0-301F-11D3-BF4B-00C04F79EFBC}") = "Procedural-Tactics.CSharp.Editor", "Procedural-Tactics.CSharp.Editor.csproj", "{6B6FDBFA-46A7-2492-5D64-02E6CD16D88C}"
EndProject
Project("{FAE04EC0-301F-11D3-BF4B-00C04F79EFBC}") = "Procedural-Tactics.CSharp.Editor.Plugins", "Procedural-Tactics.CSharp.Editor.Plugins.csproj", "{AC10FD7F-33F2-69D7-FDC3-0AEC5F56AD86}"
EndProject
Global
	GlobalSection(SolutionConfigurationPlatforms) = preSolution
		Debug|Any CPU = Debug|Any CPU
		Release|Any CPU = Release|Any CPU
	EndGlobalSection
	GlobalSection(ProjectConfigurationPlatforms) = postSolution
		{6B3D977A-42AE-33B6-5830-29E4A381DCF4}.Debug|Any CPU.ActiveCfg = Debug|Any CPU
		{6B3D977A-42AE-33B6-5830-29E4A381DCF4}.Debug|Any CPU.Build.0 = Debug|Any CPU
		{6B3D977A-42AE-33B6-5830-29E4A381DCF4}.Release|Any CPU.ActiveCfg = Release|Any CPU
		{6B3D977A-42AE-33B6-5830-29E4A381DCF4}.Release|Any CPU.Build.0 = Release|Any CPU
		{A3014BEA-24B7-9140-D6A2-7FA4635FCE3A}.Debug|Any CPU.ActiveCfg = Debug|Any CPU
		{A3014BEA-24B7-9140-D6A2-7FA4635FCE3A}.Debug|Any CPU.Build.0 = Debug|Any CPU
		{A3014BEA-24B7-9140-D6A2-7FA4635FCE3A}.Release|Any CPU.ActiveCfg = Release|Any CPU
		{A3014BEA-24B7-9140-D6A2-7FA4635FCE3A}.Release|Any CPU.Build.0 = Release|Any CPU
		{6B6FDBFA-46A7-2492-5D64-02E6CD16D88C}.Debug|Any CPU.ActiveCfg = Debug|Any CPU
		{6B6FDBFA-46A7-2492-5D64-02E6CD16D88C}.Debug|Any CPU.Build.0 = Debug|Any CPU
		{6B6FDBFA-46A7-2492-5D64-02E6CD16D88C}.Release|Any CPU.ActiveCfg = Release|Any CPU
		{6B6FDBFA-46A7-2492-5D64-02E6CD16D88C}.Release|Any CPU.Build.0 = Release|Any CPU
		{AC10FD7F-33F2-69D7-FDC3-0AEC5F56AD86}.Debug|Any CPU.ActiveCfg = Debug|Any CPU
		{AC10FD7F-33F2-69D7-FDC3-0AEC5F56AD86}.Debug|Any CPU.Build.0 = Debug|Any CPU
		{AC10FD7F-33F2-69D7-FDC3-0AEC5F56AD86}.Release|Any CPU.ActiveCfg = Release|Any CPU
		{AC10FD7F-33F2-69D7-FDC3-0AEC5F56AD86}.Release|Any CPU.Build.0 = Release|Any CPU
	EndGlobalSection
	GlobalSection(SolutionProperties) = preSolution
		HideSolutionNode = FALSE
	EndGlobalSection
EndGlobal
